
Microsoft Visual Studio Solution File, Format Version 12.00
# Visual Studio Version 16
VisualStudioVersion = 16.0.31019.35
MinimumVisualStudioVersion = 10.0.40219.1
Project("{FAE04EC0-301F-11D3-BF4B-00C04F79EFBC}") = "ChatServer", "ChatServer\ChatServer.csproj", "{7E54CFE3-41A2-49AD-B397-8AF450B99A8B}"
EndProject
Project("{FAE04EC0-301F-11D3-BF4B-00C04F79EFBC}") = "ChatClient", "ChatClient\ChatClient.csproj", "{E5519AD5-4B06-4BFE-8319-CE32A789285C}"
EndProject
Global
	GlobalSection(SolutionConfigurationPlatforms) = preSolution
		Debug|Any CPU = Debug|Any CPU
		Release|Any CPU = Release|Any CPU
	EndGlobalSection
	GlobalSection(ProjectConfigurationPlatforms) = postSolution
		{7E54CFE3-41A2-49AD-B397-8AF450B99A8B}.Debug|Any CPU.ActiveCfg = Debug|Any CPU
		{7E54CFE3-41A2-49AD-B397-8AF450B99A8B}.Debug|Any CPU.Build.0 = Debug|Any CPU
		{7E54CFE3-41A2-49AD-B397-8AF450B99A8B}.Release|Any CPU.ActiveCfg = Release|Any CPU
		{7E54CFE3-41A2-49AD-B397-8AF450B99A8B}.Release|Any CPU.Build.0 = Release|Any CPU
		{E5519AD5-4B06-4BFE-8319-CE32A789285C}.Debug|Any CPU.ActiveCfg = Debug|Any CPU
		{E5519AD5-4B06-4BFE-8319-CE32A789285C}.Debug|Any CPU.Build.0 = Debug|Any CPU
		{E5519AD5-4B06-4BFE-8319-CE32A789285C}.Release|Any CPU.ActiveCfg = Release|Any CPU
		{E5519AD5-4B06-4BFE-8319-CE32A789285C}.Release|Any CPU.Build.0 = Release|Any CPU
	EndGlobalSection
	GlobalSection(SolutionProperties) = preSolution
		HideSolutionNode = FALSE
	EndGlobalSection
	GlobalSection(ExtensibilityGlobals) = postSolution
		SolutionGuid = {1C272A7C-97D4-4B15-87F8-ACCB3D48A93C}
	EndGlobalSection
EndGlobal
